
Microsoft Visual Studio Solution File, Format Version 12.00
# Visual Studio Version 16
VisualStudioVersion = 16.0.29306.81
MinimumVisualStudioVersion = 10.0.40219.1
Project("{FAE04EC0-301F-11D3-BF4B-00C04F79EFBC}") = "InsertSite", "InsertSite\InsertSite.csproj", "{5A63F484-D8C0-4449-B5AF-46ADC09EC964}"
EndProject
Global
	GlobalSection(SolutionConfigurationPlatforms) = preSolution
		Debug|Any CPU = Debug|Any CPU
		Release|Any CPU = Release|Any CPU
	EndGlobalSection
	GlobalSection(ProjectConfigurationPlatforms) = postSolution
		{5A63F484-D8C0-4449-B5AF-46ADC09EC964}.Debug|Any CPU.ActiveCfg = Debug|Any CPU
		{5A63F484-D8C0-4449-B5AF-46ADC09EC964}.Debug|Any CPU.Build.0 = Debug|Any CPU
		{5A63F484-D8C0-4449-B5AF-46ADC09EC964}.Release|Any CPU.ActiveCfg = Release|Any CPU
		{5A63F484-D8C0-4449-B5AF-46ADC09EC964}.Release|Any CPU.Build.0 = Release|Any CPU
	EndGlobalSection
	GlobalSection(SolutionProperties) = preSolution
		HideSolutionNode = FALSE
	EndGlobalSection
	GlobalSection(ExtensibilityGlobals) = postSolution
		SolutionGuid = {8BF4F855-A94B-4125-BE1A-82A1B5BF8073}
	EndGlobalSection
EndGlobal
